
Microsoft Visual Studio Solution File, Format Version 12.00
# Visual Studio Version 17
VisualStudioVersion = 17.7.34031.279
MinimumVisualStudioVersion = 10.0.40219.1
Project("{FAE04EC0-301F-11D3-BF4B-00C04F79EFBC}") = "UnitTestCase", "UnitTestCase\UnitTestCase.csproj", "{531957D4-9DA7-406B-AD7E-CBDBC4D24EF1}"
EndProject
Project("{FAE04EC0-301F-11D3-BF4B-00C04F79EFBC}") = "UnitTestCaseDemo.Test", "UnitTestCaseDemo.Test\UnitTestCaseDemo.Test.csproj", "{BAF4EA1A-B580-4FF4-9D52-652034D8E581}"
EndProject
Global
	GlobalSection(SolutionConfigurationPlatforms) = preSolution
		Debug|Any CPU = Debug|Any CPU
		Release|Any CPU = Release|Any CPU
	EndGlobalSection
	GlobalSection(ProjectConfigurationPlatforms) = postSolution
		{531957D4-9DA7-406B-AD7E-CBDBC4D24EF1}.Debug|Any CPU.ActiveCfg = Debug|Any CPU
		{531957D4-9DA7-406B-AD7E-CBDBC4D24EF1}.Debug|Any CPU.Build.0 = Debug|Any CPU
		{531957D4-9DA7-406B-AD7E-CBDBC4D24EF1}.Release|Any CPU.ActiveCfg = Release|Any CPU
		{531957D4-9DA7-406B-AD7E-CBDBC4D24EF1}.Release|Any CPU.Build.0 = Release|Any CPU
		{BAF4EA1A-B580-4FF4-9D52-652034D8E581}.Debug|Any CPU.ActiveCfg = Debug|Any CPU
		{BAF4EA1A-B580-4FF4-9D52-652034D8E581}.Debug|Any CPU.Build.0 = Debug|Any CPU
		{BAF4EA1A-B580-4FF4-9D52-652034D8E581}.Release|Any CPU.ActiveCfg = Release|Any CPU
		{BAF4EA1A-B580-4FF4-9D52-652034D8E581}.Release|Any CPU.Build.0 = Release|Any CPU
	EndGlobalSection
	GlobalSection(SolutionProperties) = preSolution
		HideSolutionNode = FALSE
	EndGlobalSection
	GlobalSection(ExtensibilityGlobals) = postSolution
		SolutionGuid = {AE8720F2-ED30-463F-A6B8-A59306EFE326}
	EndGlobalSection
EndGlobal
